
Microsoft Visual Studio Solution File, Format Version 12.00
# Visual Studio Version 16
VisualStudioVersion = 16.0.29709.97
MinimumVisualStudioVersion = 10.0.40219.1
Project("{FAE04EC0-301F-11D3-BF4B-00C04F79EFBC}") = "AliExpress", "AliExpress\AliExpress.csproj", "{F928F5CC-3727-4A87-ADBA-15C47C27D06E}"
EndProject
Project("{FAE04EC0-301F-11D3-BF4B-00C04F79EFBC}") = "AliExpressUTest", "AliExpressUTest\AliExpressUTest.csproj", "{CFBA9C5A-991E-4D06-BD58-09F0E8E8F255}"
EndProject
Global
	GlobalSection(SolutionConfigurationPlatforms) = preSolution
		Debug|Any CPU = Debug|Any CPU
		Release|Any CPU = Release|Any CPU
	EndGlobalSection
	GlobalSection(ProjectConfigurationPlatforms) = postSolution
		{F928F5CC-3727-4A87-ADBA-15C47C27D06E}.Debug|Any CPU.ActiveCfg = Debug|Any CPU
		{F928F5CC-3727-4A87-ADBA-15C47C27D06E}.Debug|Any CPU.Build.0 = Debug|Any CPU
		{F928F5CC-3727-4A87-ADBA-15C47C27D06E}.Release|Any CPU.ActiveCfg = Release|Any CPU
		{F928F5CC-3727-4A87-ADBA-15C47C27D06E}.Release|Any CPU.Build.0 = Release|Any CPU
		{CFBA9C5A-991E-4D06-BD58-09F0E8E8F255}.Debug|Any CPU.ActiveCfg = Debug|Any CPU
		{CFBA9C5A-991E-4D06-BD58-09F0E8E8F255}.Debug|Any CPU.Build.0 = Debug|Any CPU
		{CFBA9C5A-991E-4D06-BD58-09F0E8E8F255}.Release|Any CPU.ActiveCfg = Release|Any CPU
		{CFBA9C5A-991E-4D06-BD58-09F0E8E8F255}.Release|Any CPU.Build.0 = Release|Any CPU
	EndGlobalSection
	GlobalSection(SolutionProperties) = preSolution
		HideSolutionNode = FALSE
	EndGlobalSection
	GlobalSection(ExtensibilityGlobals) = postSolution
		SolutionGuid = {ED6D0129-DDF1-4226-9998-5461CE452013}
	EndGlobalSection
EndGlobal
